
Microsoft Visual Studio Solution File, Format Version 12.00
# Visual Studio 15
VisualStudioVersion = 15.0.28307.421
MinimumVisualStudioVersion = 10.0.40219.1
Project("{FAE04EC0-301F-11D3-BF4B-00C04F79EFBC}") = "InventarioLaboratorio", "InventarioLaboratorio\InventarioLaboratorio.csproj", "{C0107C6B-8674-4726-9756-6666C797E63C}"
EndProject
Project("{54435603-DBB4-11D2-8724-00A0C9A8B90C}") = "Instalador", "Instalador\Instalador.vdproj", "{3BEA2665-FB11-4E25-9048-B2CBE6A3AACC}"
EndProject
Project("{54435603-DBB4-11D2-8724-00A0C9A8B90C}") = "DEUX", "DEUX\DEUX.vdproj", "{50410D2B-8A9D-4C6E-903B-B331B028050F}"
EndProject
Global
	GlobalSection(SolutionConfigurationPlatforms) = preSolution
		Debug|Any CPU = Debug|Any CPU
		Release|Any CPU = Release|Any CPU
	EndGlobalSection
	GlobalSection(ProjectConfigurationPlatforms) = postSolution
		{C0107C6B-8674-4726-9756-6666C797E63C}.Debug|Any CPU.ActiveCfg = Debug|Any CPU
		{C0107C6B-8674-4726-9756-6666C797E63C}.Debug|Any CPU.Build.0 = Debug|Any CPU
		{C0107C6B-8674-4726-9756-6666C797E63C}.Release|Any CPU.ActiveCfg = Release|Any CPU
		{C0107C6B-8674-4726-9756-6666C797E63C}.Release|Any CPU.Build.0 = Release|Any CPU
		{3BEA2665-FB11-4E25-9048-B2CBE6A3AACC}.Debug|Any CPU.ActiveCfg = Debug
		{3BEA2665-FB11-4E25-9048-B2CBE6A3AACC}.Release|Any CPU.ActiveCfg = Release
		{50410D2B-8A9D-4C6E-903B-B331B028050F}.Debug|Any CPU.ActiveCfg = Debug
		{50410D2B-8A9D-4C6E-903B-B331B028050F}.Release|Any CPU.ActiveCfg = Release
	EndGlobalSection
	GlobalSection(SolutionProperties) = preSolution
		HideSolutionNode = FALSE
	EndGlobalSection
	GlobalSection(ExtensibilityGlobals) = postSolution
		SolutionGuid = {789F9B11-B304-4F22-8C15-3FE4AD9DD203}
	EndGlobalSection
EndGlobal
